// !$*UTF8*$!
{
	archiveVersion = 1;
	classes = {
	};
	objectVersion = 55;
	objects = {

/* Begin PBXBuildFile section */
		6425BC252A24EBBE00F084AC /* __swift_menuApp.swift in Sources */ = {isa = PBXBuildFile; fileRef = 6425BC152A24EBBC00F084AC /* __swift_menuApp.swift */; };
		6425BC262A24EBBE00F084AC /* __swift_menuApp.swift in Sources */ = {isa = PBXBuildFile; fileRef = 6425BC152A24EBBC00F084AC /* __swift_menuApp.swift */; };
		6425BC272A24EBBE00F084AC /* MenuView.swift in Sources */ = {isa = PBXBuildFile; fileRef = 6425BC162A24EBBC00F084AC /* MenuView.swift */; };
		6425BC282A24EBBE00F084AC /* MenuView.swift in Sources */ = {isa = PBXBuildFile; fileRef = 6425BC162A24EBBC00F084AC /* MenuView.swift */; };
		6425BC292A24EBBE00F084AC /* Assets.xcassets in Resources */ = {isa = PBXBuildFile; fileRef = 6425BC172A24EBBE00F084AC /* Assets.xcassets */; };
		6425BC2A2A24EBBE00F084AC /* Assets.xcassets in Resources */ = {isa = PBXBuildFile; fileRef = 6425BC172A24EBBE00F084AC /* Assets.xcassets */; };
		648B06982A2612CA0021B04B /* MenuItem.swift in Sources */ = {isa = PBXBuildFile; fileRef = 648B06972A2612CA0021B04B /* MenuItem.swift */; };
		64A844E52A277EC20043F34F /* DataService.swift in Sources */ = {isa = PBXBuildFile; fileRef = 64A844E42A277EC20043F34F /* DataService.swift */; };
		64A844E62A277EC20043F34F /* DataService.swift in Sources */ = {isa = PBXBuildFile; fileRef = 64A844E42A277EC20043F34F /* DataService.swift */; };
/* End PBXBuildFile section */

/* Begin PBXFileReference section */
		6425BC152A24EBBC00F084AC /* __swift_menuApp.swift */ = {isa = PBXFileReference; lastKnownFileType = sourcecode.swift; path = __swift_menuApp.swift; sourceTree = "<group>"; };
		6425BC162A24EBBC00F084AC /* MenuView.swift */ = {isa = PBXFileReference; lastKnownFileType = sourcecode.swift; path = MenuView.swift; sourceTree = "<group>"; };
		6425BC172A24EBBE00F084AC /* Assets.xcassets */ = {isa = PBXFileReference; lastKnownFileType = folder.assetcatalog; path = Assets.xcassets; sourceTree = "<group>"; };
		6425BC1C2A24EBBE00F084AC /* 7-swift-menu.app */ = {isa = PBXFileReference; explicitFileType = wrapper.application; includeInIndex = 0; path = "7-swift-menu.app"; sourceTree = BUILT_PRODUCTS_DIR; };
		6425BC222A24EBBE00F084AC /* 7-swift-menu.app */ = {isa = PBXFileReference; explicitFileType = wrapper.application; includeInIndex = 0; path = "7-swift-menu.app"; sourceTree = BUILT_PRODUCTS_DIR; };
		6425BC242A24EBBE00F084AC /* macOS.entitlements */ = {isa = PBXFileReference; lastKnownFileType = text.plist.entitlements; path = macOS.entitlements; sourceTree = "<group>"; };
		648B06972A2612CA0021B04B /* MenuItem.swift */ = {isa = PBXFileReference; lastKnownFileType = sourcecode.swift; path = MenuItem.swift; sourceTree = "<group>"; };
		64A844E42A277EC20043F34F /* DataService.swift */ = {isa = PBXFileReference; lastKnownFileType = sourcecode.swift; path = DataService.swift; sourceTree = "<group>"; };
/* End PBXFileReference section */

/* Begin PBXFrameworksBuildPhase section */
		6425BC192A24EBBE00F084AC /* Frameworks */ = {
			isa = PBXFrameworksBuildPhase;
			buildActionMask = 2147483647;
			files = (
			);
			runOnlyForDeploymentPostprocessing = 0;
		};
		6425BC1F2A24EBBE00F084AC /* Frameworks */ = {
			isa = PBXFrameworksBuildPhase;
			buildActionMask = 2147483647;
			files = (
			);
			runOnlyForDeploymentPostprocessing = 0;
		};
/* End PBXFrameworksBuildPhase section */

/* Begin PBXGroup section */
		6425BC0F2A24EBBB00F084AC = {
			isa = PBXGroup;
			children = (
				6425BC142A24EBBC00F084AC /* Shared */,
				6425BC232A24EBBE00F084AC /* macOS */,
				6425BC1D2A24EBBE00F084AC /* Products */,
			);
			sourceTree = "<group>";
		};
		6425BC142A24EBBC00F084AC /* Shared */ = {
			isa = PBXGroup;
			children = (
				6425BC152A24EBBC00F084AC /* __swift_menuApp.swift */,
				6425BC162A24EBBC00F084AC /* MenuView.swift */,
				648B06972A2612CA0021B04B /* MenuItem.swift */,
				64A844E42A277EC20043F34F /* DataService.swift */,
				6425BC172A24EBBE00F084AC /* Assets.xcassets */,
			);
			path = Shared;
			sourceTree = "<group>";
		};
		6425BC1D2A24EBBE00F084AC /* Products */ = {
			isa = PBXGroup;
			children = (
				6425BC1C2A24EBBE00F084AC /* 7-swift-menu.app */,
				6425BC222A24EBBE00F084AC /* 7-swift-menu.app */,
			);
			name = Products;
			sourceTree = "<group>";
		};
		6425BC232A24EBBE00F084AC /* macOS */ = {
			isa = PBXGroup;
			children = (
				6425BC242A24EBBE00F084AC /* macOS.entitlements */,
			);
			path = macOS;
			sourceTree = "<group>";
		};
/* End PBXGroup section */

/* Begin PBXNativeTarget section */
		6425BC1B2A24EBBE00F084AC /* 7-swift-menu (iOS) */ = {
			isa = PBXNativeTarget;
			buildConfigurationList = 6425BC2D2A24EBBE00F084AC /* Build configuration list for PBXNativeTarget "7-swift-menu (iOS)" */;
			buildPhases = (
				6425BC182A24EBBE00F084AC /* Sources */,
				6425BC192A24EBBE00F084AC /* Frameworks */,
				6425BC1A2A24EBBE00F084AC /* Resources */,
			);
			buildRules = (
			);
			dependencies = (
			);
			name = "7-swift-menu (iOS)";
			productName = "7-swift-menu (iOS)";
			productReference = 6425BC1C2A24EBBE00F084AC /* 7-swift-menu.app */;
			productType = "com.apple.product-type.application";
		};
		6425BC212A24EBBE00F084AC /* 7-swift-menu (macOS) */ = {
			isa = PBXNativeTarget;
			buildConfigurationList = 6425BC302A24EBBE00F084AC /* Build configuration list for PBXNativeTarget "7-swift-menu (macOS)" */;
			buildPhases = (
				6425BC1E2A24EBBE00F084AC /* Sources */,
				6425BC1F2A24EBBE00F084AC /* Frameworks */,
				6425BC202A24EBBE00F084AC /* Resources */,
			);
			buildRules = (
			);
			dependencies = (
			);
			name = "7-swift-menu (macOS)";
			productName = "7-swift-menu (macOS)";
			productReference = 6425BC222A24EBBE00F084AC /* 7-swift-menu.app */;
			productType = "com.apple.product-type.application";
		};
/* End PBXNativeTarget section */

/* Begin PBXProject section */
		6425BC102A24EBBB00F084AC /* Project object */ = {
			isa = PBXProject;
			attributes = {
				BuildIndependentTargetsInParallel = 1;
				LastSwiftUpdateCheck = 1340;
				LastUpgradeCheck = 1340;
				TargetAttributes = {
					6425BC1B2A24EBBE00F084AC = {
						CreatedOnToolsVersion = 13.4.1;
					};
					6425BC212A24EBBE00F084AC = {
						CreatedOnToolsVersion = 13.4.1;
					};
				};
			};
			buildConfigurationList = 6425BC132A24EBBB00F084AC /* Build configuration list for PBXProject "7-swift-menu" */;
			compatibilityVersion = "Xcode 13.0";
			developmentRegion = en;
			hasScannedForEncodings = 0;
			knownRegions = (
				en,
				Base,
			);
			mainGroup = 6425BC0F2A24EBBB00F084AC;
			productRefGroup = 6425BC1D2A24EBBE00F084AC /* Products */;
			projectDirPath = "";
			projectRoot = "";
			targets = (
				6425BC1B2A24EBBE00F084AC /* 7-swift-menu (iOS) */,
				6425BC212A24EBBE00F084AC /* 7-swift-menu (macOS) */,
			);
		};
/* End PBXProject section */

/* Begin PBXResourcesBuildPhase section */
		6425BC1A2A24EBBE00F084AC /* Resources */ = {
			isa = PBXResourcesBuildPhase;
			buildActionMask = 2147483647;
			files = (
				6425BC292A24EBBE00F084AC /* Assets.xcassets in Resources */,
			);
			runOnlyForDeploymentPostprocessing = 0;
		};
		6425BC202A24EBBE00F084AC /* Resources */ = {
			isa = PBXResourcesBuildPhase;
			buildActionMask = 2147483647;
			files = (
				6425BC2A2A24EBBE00F084AC /* Assets.xcassets in Resources */,
			);
			runOnlyForDeploymentPostprocessing = 0;
		};
/* End PBXResourcesBuildPhase section */

/* Begin PBXSourcesBuildPhase section */
		6425BC182A24EBBE00F084AC /* Sources */ = {
			isa = PBXSourcesBuildPhase;
			buildActionMask = 2147483647;
			files = (
				648B06982A2612CA0021B04B /* MenuItem.swift in Sources */,
				6425BC272A24EBBE00F084AC /* MenuView.swift in Sources */,
				6425BC252A24EBBE00F084AC /* __swift_menuApp.swift in Sources */,
				64A844E52A277EC20043F34F /* DataService.swift in Sources */,
			);
			runOnlyForDeploymentPostprocessing = 0;
		};
		6425BC1E2A24EBBE00F084AC /* Sources */ = {
			isa = PBXSourcesBuildPhase;
			buildActionMask = 2147483647;
			files = (
				64A844E62A277EC20043F34F /* DataService.swift in Sources */,
				6425BC282A24EBBE00F084AC /* MenuView.swift in Sources */,
				6425BC262A24EBBE00F084AC /* __swift_menuApp.swift in Sources */,
			);
			runOnlyForDeploymentPostprocessing = 0;
		};
/* End PBXSourcesBuildPhase section */

/* Begin XCBuildConfiguration section */
		6425BC2B2A24EBBE00F084AC /* Debug */ = {
			isa = XCBuildConfiguration;
			buildSettings = {
				ALWAYS_SEARCH_USER_PATHS = NO;
				CLANG_ANALYZER_NONNULL = YES;
				CLANG_ANALYZER_NUMBER_OBJECT_CONVERSION = YES_AGGRESSIVE;
				CLANG_CXX_LANGUAGE_STANDARD = "gnu++17";
				CLANG_ENABLE_MODULES = YES;
				CLANG_ENABLE_OBJC_ARC = YES;
				CLANG_ENABLE_OBJC_WEAK = YES;
				CLANG_WARN_BLOCK_CAPTURE_AUTORELEASING = YES;
				CLANG_WARN_BOOL_CONVERSION = YES;
				CLANG_WARN_COMMA = YES;
				CLANG_WARN_CONSTANT_CONVERSION = YES;
				CLANG_WARN_DEPRECATED_OBJC_IMPLEMENTATIONS = YES;
				CLANG_WARN_DIRECT_OBJC_ISA_USAGE = YES_ERROR;
				CLANG_WARN_DOCUMENTATION_COMMENTS = YES;
				CLANG_WARN_EMPTY_BODY = YES;
				CLANG_WARN_ENUM_CONVERSION = YES;
				CLANG_WARN_INFINITE_RECURSION = YES;
				CLANG_WARN_INT_CONVERSION = YES;
				CLANG_WARN_NON_LITERAL_NULL_CONVERSION = YES;
				CLANG_WARN_OBJC_IMPLICIT_RETAIN_SELF = YES;
				CLANG_WARN_OBJC_LITERAL_CONVERSION = YES;
				CLANG_WARN_OBJC_ROOT_CLASS = YES_ERROR;
				CLANG_WARN_QUOTED_INCLUDE_IN_FRAMEWORK_HEADER = YES;
				CLANG_WARN_RANGE_LOOP_ANALYSIS = YES;
				CLANG_WARN_STRICT_PROTOTYPES = YES;
				CLANG_WARN_SUSPICIOUS_MOVE = YES;
				CLANG_WARN_UNGUARDED_AVAILABILITY = YES_AGGRESSIVE;
				CLANG_WARN_UNREACHABLE_CODE = YES;
				CLANG_WARN__DUPLICATE_METHOD_MATCH = YES;
				COPY_PHASE_STRIP = NO;
				DEBUG_INFORMATION_FORMAT = dwarf;
				ENABLE_STRICT_OBJC_MSGSEND = YES;
				ENABLE_TESTABILITY = YES;
				GCC_C_LANGUAGE_STANDARD = gnu11;
				GCC_DYNAMIC_NO_PIC = NO;
				GCC_NO_COMMON_BLOCKS = YES;
				GCC_OPTIMIZATION_LEVEL = 0;
				GCC_PREPROCESSOR_DEFINITIONS = (
					"DEBUG=1",
					"$(inherited)",
				);
				GCC_WARN_64_TO_32_BIT_CONVERSION = YES;
				GCC_WARN_ABOUT_RETURN_TYPE = YES_ERROR;
				GCC_WARN_UNDECLARED_SELECTOR = YES;
				GCC_WARN_UNINITIALIZED_AUTOS = YES_AGGRESSIVE;
				GCC_WARN_UNUSED_FUNCTION = YES;
				GCC_WARN_UNUSED_VARIABLE = YES;
				MTL_ENABLE_DEBUG_INFO = INCLUDE_SOURCE;
				MTL_FAST_MATH = YES;
				ONLY_ACTIVE_ARCH = YES;
				SWIFT_ACTIVE_COMPILATION_CONDITIONS = DEBUG;
				SWIFT_OPTIMIZATION_LEVEL = "-Onone";
			};
			name = Debug;
		};
		6425BC2C2A24EBBE00F084AC /* Release */ = {
			isa = XCBuildConfiguration;
			buildSettings = {
				ALWAYS_SEARCH_USER_PATHS = NO;
				CLANG_ANALYZER_NONNULL = YES;
				CLANG_ANALYZER_NUMBER_OBJECT_CONVERSION = YES_AGGRESSIVE;
				CLANG_CXX_LANGUAGE_STANDARD = "gnu++17";
				CLANG_ENABLE_MODULES = YES;
				CLANG_ENABLE_OBJC_ARC = YES;
				CLANG_ENABLE_OBJC_WEAK = YES;
				CLANG_WARN_BLOCK_CAPTURE_AUTORELEASING = YES;
				CLANG_WARN_BOOL_CONVERSION = YES;
				CLANG_WARN_COMMA = YES;
				CLANG_WARN_CONSTANT_CONVERSION = YES;
				CLANG_WARN_DEPRECATED_OBJC_IMPLEMENTATIONS = YES;
				CLANG_WARN_DIRECT_OBJC_ISA_USAGE = YES_ERROR;
				CLANG_WARN_DOCUMENTATION_COMMENTS = YES;
				CLANG_WARN_EMPTY_BODY = YES;
				CLANG_WARN_ENUM_CONVERSION = YES;
				CLANG_WARN_INFINITE_RECURSION = YES;
				CLANG_WARN_INT_CONVERSION = YES;
				CLANG_WARN_NON_LITERAL_NULL_CONVERSION = YES;
				CLANG_WARN_OBJC_IMPLICIT_RETAIN_SELF = YES;
				CLANG_WARN_OBJC_LITERAL_CONVERSION = YES;
				CLANG_WARN_OBJC_ROOT_CLASS = YES_ERROR;
				CLANG_WARN_QUOTED_INCLUDE_IN_FRAMEWORK_HEADER = YES;
				CLANG_WARN_RANGE_LOOP_ANALYSIS = YES;
				CLANG_WARN_STRICT_PROTOTYPES = YES;
				CLANG_WARN_SUSPICIOUS_MOVE = YES;
				CLANG_WARN_UNGUARDED_AVAILABILITY = YES_AGGRESSIVE;
				CLANG_WARN_UNREACHABLE_CODE = YES;
				CLANG_WARN__DUPLICATE_METHOD_MATCH = YES;
				COPY_PHASE_STRIP = NO;
				DEBUG_INFORMATION_FORMAT = "dwarf-with-dsym";
				ENABLE_NS_ASSERTIONS = NO;
				ENABLE_STRICT_OBJC_MSGSEND = YES;
				GCC_C_LANGUAGE_STANDARD = gnu11;
				GCC_NO_COMMON_BLOCKS = YES;
				GCC_WARN_64_TO_32_BIT_CONVERSION = YES;
				GCC_WARN_ABOUT_RETURN_TYPE = YES_ERROR;
				GCC_WARN_UNDECLARED_SELECTOR = YES;
				GCC_WARN_UNINITIALIZED_AUTOS = YES_AGGRESSIVE;
				GCC_WARN_UNUSED_FUNCTION = YES;
				GCC_WARN_UNUSED_VARIABLE = YES;
				MTL_ENABLE_DEBUG_INFO = NO;
				MTL_FAST_MATH = YES;
				SWIFT_COMPILATION_MODE = wholemodule;
				SWIFT_OPTIMIZATION_LEVEL = "-O";
			};
			name = Release;
		};
		6425BC2E2A24EBBE00F084AC /* Debug */ = {
			isa = XCBuildConfiguration;
			buildSettings = {
				ASSETCATALOG_COMPILER_APPICON_NAME = AppIcon;
				ASSETCATALOG_COMPILER_GLOBAL_ACCENT_COLOR_NAME = AccentColor;
				CODE_SIGN_STYLE = Automatic;
				CURRENT_PROJECT_VERSION = 1;
				ENABLE_PREVIEWS = YES;
				GENERATE_INFOPLIST_FILE = YES;
				INFOPLIST_KEY_UIApplicationSceneManifest_Generation = YES;
				INFOPLIST_KEY_UIApplicationSupportsIndirectInputEvents = YES;
				INFOPLIST_KEY_UILaunchScreen_Generation = YES;
				INFOPLIST_KEY_UISupportedInterfaceOrientations_iPad = "UIInterfaceOrientationPortrait UIInterfaceOrientationPortraitUpsideDown UIInterfaceOrientationLandscapeLeft UIInterfaceOrientationLandscapeRight";
				INFOPLIST_KEY_UISupportedInterfaceOrientations_iPhone = "UIInterfaceOrientationPortrait UIInterfaceOrientationLandscapeLeft UIInterfaceOrientationLandscapeRight";
				IPHONEOS_DEPLOYMENT_TARGET = 15.5;
				LD_RUNPATH_SEARCH_PATHS = (
					"$(inherited)",
					"@executable_path/Frameworks",
				);
				MARKETING_VERSION = 1.0;
				PRODUCT_BUNDLE_IDENTIFIER = "ai.cherrypick.--swift-menu";
				PRODUCT_NAME = "7-swift-menu";
				SDKROOT = iphoneos;
				SWIFT_EMIT_LOC_STRINGS = YES;
				SWIFT_VERSION = 5.0;
				TARGETED_DEVICE_FAMILY = "1,2";
			};
			name = Debug;
		};
		6425BC2F2A24EBBE00F084AC /* Release */ = {
			isa = XCBuildConfiguration;
			buildSettings = {
				ASSETCATALOG_COMPILER_APPICON_NAME = AppIcon;
				ASSETCATALOG_COMPILER_GLOBAL_ACCENT_COLOR_NAME = AccentColor;
				CODE_SIGN_STYLE = Automatic;
				CURRENT_PROJECT_VERSION = 1;
				ENABLE_PREVIEWS = YES;
				GENERATE_INFOPLIST_FILE = YES;
				INFOPLIST_KEY_UIApplicationSceneManifest_Generation = YES;
				INFOPLIST_KEY_UIApplicationSupportsIndirectInputEvents = YES;
				INFOPLIST_KEY_UILaunchScreen_Generation = YES;
				INFOPLIST_KEY_UISupportedInterfaceOrientations_iPad = "UIInterfaceOrientationPortrait UIInterfaceOrientationPortraitUpsideDown UIInterfaceOrientationLandscapeLeft UIInterfaceOrientationLandscapeRight";
				INFOPLIST_KEY_UISupportedInterfaceOrientations_iPhone = "UIInterfaceOrientationPortrait UIInterfaceOrientationLandscapeLeft UIInterfaceOrientationLandscapeRight";
				IPHONEOS_DEPLOYMENT_TARGET = 15.5;
				LD_RUNPATH_SEARCH_PATHS = (
					"$(inherited)",
					"@executable_path/Frameworks",
				);
				MARKETING_VERSION = 1.0;
				PRODUCT_BUNDLE_IDENTIFIER = "ai.cherrypick.--swift-menu";
				PRODUCT_NAME = "7-swift-menu";
				SDKROOT = iphoneos;
				SWIFT_EMIT_LOC_STRINGS = YES;
				SWIFT_VERSION = 5.0;
				TARGETED_DEVICE_FAMILY = "1,2";
				VALIDATE_PRODUCT = YES;
			};
			name = Release;
		};
		6425BC312A24EBBE00F084AC /* Debug */ = {
			isa = XCBuildConfiguration;
			buildSettings = {
				ASSETCATALOG_COMPILER_APPICON_NAME = AppIcon;
				ASSETCATALOG_COMPILER_GLOBAL_ACCENT_COLOR_NAME = AccentColor;
				CODE_SIGN_ENTITLEMENTS = macOS/macOS.entitlements;
				CODE_SIGN_STYLE = Automatic;
				COMBINE_HIDPI_IMAGES = YES;
				CURRENT_PROJECT_VERSION = 1;
				ENABLE_PREVIEWS = YES;
				GENERATE_INFOPLIST_FILE = YES;
				INFOPLIST_KEY_NSHumanReadableCopyright = "";
				LD_RUNPATH_SEARCH_PATHS = (
					"$(inherited)",
					"@executable_path/../Frameworks",
				);
				MACOSX_DEPLOYMENT_TARGET = 12.3;
				MARKETING_VERSION = 1.0;
				PRODUCT_BUNDLE_IDENTIFIER = "ai.cherrypick.--swift-menu";
				PRODUCT_NAME = "7-swift-menu";
				SDKROOT = macosx;
				SWIFT_EMIT_LOC_STRINGS = YES;
				SWIFT_VERSION = 5.0;
			};
			name = Debug;
		};
		6425BC322A24EBBE00F084AC /* Release */ = {
			isa = XCBuildConfiguration;
			buildSettings = {
				ASSETCATALOG_COMPILER_APPICON_NAME = AppIcon;
				ASSETCATALOG_COMPILER_GLOBAL_ACCENT_COLOR_NAME = AccentColor;
				CODE_SIGN_ENTITLEMENTS = macOS/macOS.entitlements;
				CODE_SIGN_STYLE = Automatic;
				COMBINE_HIDPI_IMAGES = YES;
				CURRENT_PROJECT_VERSION = 1;
				ENABLE_PREVIEWS = YES;
				GENERATE_INFOPLIST_FILE = YES;
				INFOPLIST_KEY_NSHumanReadableCopyright = "";
				LD_RUNPATH_SEARCH_PATHS = (
					"$(inherited)",
					"@executable_path/../Frameworks",
				);
				MACOSX_DEPLOYMENT_TARGET = 12.3;
				MARKETING_VERSION = 1.0;
				PRODUCT_BUNDLE_IDENTIFIER = "ai.cherrypick.--swift-menu";
				PRODUCT_NAME = "7-swift-menu";
				SDKROOT = macosx;
				SWIFT_EMIT_LOC_STRINGS = YES;
				SWIFT_VERSION = 5.0;
			};
			name = Release;
		};
/* End XCBuildConfiguration section */

/* Begin XCConfigurationList section */
		6425BC132A24EBBB00F084AC /* Build configuration list for PBXProject "7-swift-menu" */ = {
			isa = XCConfigurationList;
			buildConfigurations = (
				6425BC2B2A24EBBE00F084AC /* Debug */,
				6425BC2C2A24EBBE00F084AC /* Release */,
			);
			defaultConfigurationIsVisible = 0;
			defaultConfigurationName = Release;
		};
		6425BC2D2A24EBBE00F084AC /* Build configuration list for PBXNativeTarget "7-swift-menu (iOS)" */ = {
			isa = XCConfigurationList;
			buildConfigurations = (
				6425BC2E2A24EBBE00F084AC /* Debug */,
				6425BC2F2A24EBBE00F084AC /* Release */,
			);
			defaultConfigurationIsVisible = 0;
			defaultConfigurationName = Release;
		};
		6425BC302A24EBBE00F084AC /* Build configuration list for PBXNativeTarget "7-swift-menu (macOS)" */ = {
			isa = XCConfigurationList;
			buildConfigurations = (
				6425BC312A24EBBE00F084AC /* Debug */,
				6425BC322A24EBBE00F084AC /* Release */,
			);
			defaultConfigurationIsVisible = 0;
			defaultConfigurationName = Release;
		};
/* End XCConfigurationList section */
	};
	rootObject = 6425BC102A24EBBB00F084AC /* Project object */;
}
